
Microsoft Visual Studio Solution File, Format Version 12.00
# Visual Studio Version 16
VisualStudioVersion = 16.0.36422.26
MinimumVisualStudioVersion = 10.0.40219.1
Project("{FAE04EC0-301F-11D3-BF4B-00C04F79EFBC}") = "PetShop", "PetShop\PetShop.csproj", "{BD3934DA-EB30-4E71-B60F-A178AF39F3E7}"
EndProject
Global
	GlobalSection(SolutionConfigurationPlatforms) = preSolution
		Debug|Any CPU = Debug|Any CPU
		Release|Any CPU = Release|Any CPU
	EndGlobalSection
	GlobalSection(ProjectConfigurationPlatforms) = postSolution
		{BD3934DA-EB30-4E71-B60F-A178AF39F3E7}.Debug|Any CPU.ActiveCfg = Debug|Any CPU
		{BD3934DA-EB30-4E71-B60F-A178AF39F3E7}.Debug|Any CPU.Build.0 = Debug|Any CPU
		{BD3934DA-EB30-4E71-B60F-A178AF39F3E7}.Release|Any CPU.ActiveCfg = Release|Any CPU
		{BD3934DA-EB30-4E71-B60F-A178AF39F3E7}.Release|Any CPU.Build.0 = Release|Any CPU
	EndGlobalSection
	GlobalSection(SolutionProperties) = preSolution
		HideSolutionNode = FALSE
	EndGlobalSection
	GlobalSection(ExtensibilityGlobals) = postSolution
		SolutionGuid = {0C834435-CA51-4B85-A200-0B6A5C36C388}
	EndGlobalSection
EndGlobal
